
Microsoft Visual Studio Solution File, Format Version 12.00
# Visual Studio 15
VisualStudioVersion = 15.0.27428.2027
MinimumVisualStudioVersion = 10.0.40219.1
Project("{FAE04EC0-301F-11D3-BF4B-00C04F79EFBC}") = "AirTrafficMonitoring.Lib", "AirTrafficMonitoring.Lib\AirTrafficMonitoring.Lib.csproj", "{2F2D443A-F2C6-48F0-ABD6-25CDB6EFB57F}"
EndProject
Project("{FAE04EC0-301F-11D3-BF4B-00C04F79EFBC}") = "AirTrafficMonitoring.App", "AirTrafficMonitoring.App\AirTrafficMonitoring.App.csproj", "{424892A0-258D-4075-AE62-E0B765CE10CE}"
EndProject
Project("{FAE04EC0-301F-11D3-BF4B-00C04F79EFBC}") = "TOS.UnitTest", "TOS.UnitTest\TOS.UnitTest.csproj", "{D7E3908C-C862-49EA-BA47-2BD457B34B11}"
EndProject
Global
	GlobalSection(SolutionConfigurationPlatforms) = preSolution
		Debug|Any CPU = Debug|Any CPU
		Release|Any CPU = Release|Any CPU
	EndGlobalSection
	GlobalSection(ProjectConfigurationPlatforms) = postSolution
		{2F2D443A-F2C6-48F0-ABD6-25CDB6EFB57F}.Debug|Any CPU.ActiveCfg = Debug|Any CPU
		{2F2D443A-F2C6-48F0-ABD6-25CDB6EFB57F}.Debug|Any CPU.Build.0 = Debug|Any CPU
		{2F2D443A-F2C6-48F0-ABD6-25CDB6EFB57F}.Release|Any CPU.ActiveCfg = Release|Any CPU
		{2F2D443A-F2C6-48F0-ABD6-25CDB6EFB57F}.Release|Any CPU.Build.0 = Release|Any CPU
		{424892A0-258D-4075-AE62-E0B765CE10CE}.Debug|Any CPU.ActiveCfg = Debug|Any CPU
		{424892A0-258D-4075-AE62-E0B765CE10CE}.Debug|Any CPU.Build.0 = Debug|Any CPU
		{424892A0-258D-4075-AE62-E0B765CE10CE}.Release|Any CPU.ActiveCfg = Release|Any CPU
		{424892A0-258D-4075-AE62-E0B765CE10CE}.Release|Any CPU.Build.0 = Release|Any CPU
		{D7E3908C-C862-49EA-BA47-2BD457B34B11}.Debug|Any CPU.ActiveCfg = Debug|Any CPU
		{D7E3908C-C862-49EA-BA47-2BD457B34B11}.Debug|Any CPU.Build.0 = Debug|Any CPU
		{D7E3908C-C862-49EA-BA47-2BD457B34B11}.Release|Any CPU.ActiveCfg = Release|Any CPU
		{D7E3908C-C862-49EA-BA47-2BD457B34B11}.Release|Any CPU.Build.0 = Release|Any CPU
	EndGlobalSection
	GlobalSection(SolutionProperties) = preSolution
		HideSolutionNode = FALSE
	EndGlobalSection
	GlobalSection(ExtensibilityGlobals) = postSolution
		SolutionGuid = {80EE9483-A7CE-419B-893D-5A1B0F3D4521}
	EndGlobalSection
EndGlobal
